// !$*UTF8*$!
{
	archiveVersion = 1;
	classes = {
	};
	objectVersion = 51;
	objects = {

/* Begin PBXBuildFile section */
		04B4B8EC14E76DCF5BD05028 /* Pods_DesafioInfoGlobo.framework in Frameworks */ = {isa = PBXBuildFile; fileRef = B2BA79590C44893351DCE4F6 /* Pods_DesafioInfoGlobo.framework */; };
		AE1E5953258CE2FD00166E46 /* AppCoordinator+HomeScene.swift in Sources */ = {isa = PBXBuildFile; fileRef = AE1E5950258CE2FD00166E46 /* AppCoordinator+HomeScene.swift */; };
		AE1E5954258CE2FD00166E46 /* AppCoordinator.swift in Sources */ = {isa = PBXBuildFile; fileRef = AE1E5951258CE2FD00166E46 /* AppCoordinator.swift */; };
		AE1E5955258CE2FD00166E46 /* AppCoordinator+NewsDetailedScene.swift in Sources */ = {isa = PBXBuildFile; fileRef = AE1E5952258CE2FD00166E46 /* AppCoordinator+NewsDetailedScene.swift */; };
		AE1E5960258CE30E00166E46 /* WarningView.swift in Sources */ = {isa = PBXBuildFile; fileRef = AE1E595D258CE30E00166E46 /* WarningView.swift */; };
		AE1E5961258CE30E00166E46 /* UIVIew+Extension.swift in Sources */ = {isa = PBXBuildFile; fileRef = AE1E595E258CE30E00166E46 /* UIVIew+Extension.swift */; };
		AE1E5962258CE30E00166E46 /* Coordinator.swift in Sources */ = {isa = PBXBuildFile; fileRef = AE1E595F258CE30E00166E46 /* Coordinator.swift */; };
		AE1E596C258CE32200166E46 /* LaunchScreen.storyboard in Resources */ = {isa = PBXBuildFile; fileRef = AE1E5967258CE32100166E46 /* LaunchScreen.storyboard */; };
		AE1E596D258CE32200166E46 /* Assets.xcassets in Resources */ = {isa = PBXBuildFile; fileRef = AE1E5968258CE32100166E46 /* Assets.xcassets */; };
		AE1E596E258CE32200166E46 /* AppDelegate.swift in Sources */ = {isa = PBXBuildFile; fileRef = AE1E5969258CE32100166E46 /* AppDelegate.swift */; };
		AE1E596F258CE32200166E46 /* RequestMock.json in Resources */ = {isa = PBXBuildFile; fileRef = AE1E596A258CE32100166E46 /* RequestMock.json */; };
		AE1E598E258CE33000166E46 /* NewsDetailedSceneViewModel.swift in Sources */ = {isa = PBXBuildFile; fileRef = AE1E5977258CE33000166E46 /* NewsDetailedSceneViewModel.swift */; };
		AE1E598F258CE33000166E46 /* NewsDetailedSceneViewData.swift in Sources */ = {isa = PBXBuildFile; fileRef = AE1E5979258CE33000166E46 /* NewsDetailedSceneViewData.swift */; };
		AE1E5990258CE33000166E46 /* NewsDetailedModel.swift in Sources */ = {isa = PBXBuildFile; fileRef = AE1E597B258CE33000166E46 /* NewsDetailedModel.swift */; };
		AE1E5991258CE33000166E46 /* NewsDetailedSceneViewController.xib in Resources */ = {isa = PBXBuildFile; fileRef = AE1E597D258CE33000166E46 /* NewsDetailedSceneViewController.xib */; };
		AE1E5992258CE33000166E46 /* NewsDetailedSceneViewController.swift in Sources */ = {isa = PBXBuildFile; fileRef = AE1E597E258CE33000166E46 /* NewsDetailedSceneViewController.swift */; };
		AE1E5993258CE33000166E46 /* HomeSceneViewModel.swift in Sources */ = {isa = PBXBuildFile; fileRef = AE1E5981258CE33000166E46 /* HomeSceneViewModel.swift */; };
		AE1E5994258CE33000166E46 /* HomeSceneViewData.swift in Sources */ = {isa = PBXBuildFile; fileRef = AE1E5983258CE33000166E46 /* HomeSceneViewData.swift */; };
		AE1E5995258CE33000166E46 /* HomeSceneModel.swift in Sources */ = {isa = PBXBuildFile; fileRef = AE1E5985258CE33000166E46 /* HomeSceneModel.swift */; };
		AE1E5996258CE33000166E46 /* HomeSceneService.swift in Sources */ = {isa = PBXBuildFile; fileRef = AE1E5987258CE33000166E46 /* HomeSceneService.swift */; };
		AE1E5997258CE33000166E46 /* HomeSceneViewController.xib in Resources */ = {isa = PBXBuildFile; fileRef = AE1E5989258CE33000166E46 /* HomeSceneViewController.xib */; };
		AE1E5998258CE33000166E46 /* HomeViewController.swift in Sources */ = {isa = PBXBuildFile; fileRef = AE1E598A258CE33000166E46 /* HomeViewController.swift */; };
		AE1E5999258CE33000166E46 /* HomeTableViewCell.swift in Sources */ = {isa = PBXBuildFile; fileRef = AE1E598C258CE33000166E46 /* HomeTableViewCell.swift */; };
		AE1E599A258CE33000166E46 /* HomeTableViewCell.xib in Resources */ = {isa = PBXBuildFile; fileRef = AE1E598D258CE33000166E46 /* HomeTableViewCell.xib */; };
		AEEB885E258CE59600C1ACAA /* HomeSceneServiceTest.swift in Sources */ = {isa = PBXBuildFile; fileRef = AEEB885D258CE59600C1ACAA /* HomeSceneServiceTest.swift */; };
/* End PBXBuildFile section */

/* Begin PBXContainerItemProxy section */
		AE1E59DE258CE54500166E46 /* PBXContainerItemProxy */ = {
			isa = PBXContainerItemProxy;
			containerPortal = AE7FC242258500E200D3D13F /* Project object */;
			proxyType = 1;
			remoteGlobalIDString = AE7FC249258500E200D3D13F;
			remoteInfo = DesafioInfoGlobo;
		};
/* End PBXContainerItemProxy section */

/* Begin PBXFileReference section */
		01E26DD10CA2FAAD58D3BFD8 /* Pods_DesafioInfoGlobo_DesafioInfoGloboUITests.framework */ = {isa = PBXFileReference; explicitFileType = wrapper.framework; includeInIndex = 0; path = Pods_DesafioInfoGlobo_DesafioInfoGloboUITests.framework; sourceTree = BUILT_PRODUCTS_DIR; };
		1E0F1E466072D62E6B667961 /* Pods-DesafioInfoGlobo.debug.xcconfig */ = {isa = PBXFileReference; includeInIndex = 1; lastKnownFileType = text.xcconfig; name = "Pods-DesafioInfoGlobo.debug.xcconfig"; path = "Target Support Files/Pods-DesafioInfoGlobo/Pods-DesafioInfoGlobo.debug.xcconfig"; sourceTree = "<group>"; };
		5369B2A950E4242874CAF811 /* Pods-DesafioInfoGloboTests.debug.xcconfig */ = {isa = PBXFileReference; includeInIndex = 1; lastKnownFileType = text.xcconfig; name = "Pods-DesafioInfoGloboTests.debug.xcconfig"; path = "Target Support Files/Pods-DesafioInfoGloboTests/Pods-DesafioInfoGloboTests.debug.xcconfig"; sourceTree = "<group>"; };
		827AAFF60A837A98A070FB8B /* Pods_DesafioInfoGloboTests.framework */ = {isa = PBXFileReference; explicitFileType = wrapper.framework; includeInIndex = 0; path = Pods_DesafioInfoGloboTests.framework; sourceTree = BUILT_PRODUCTS_DIR; };
		A1AA7234101B2DD7C95855D7 /* Pods-DesafioInfoGlobo-DesafioInfoGloboUITests.release.xcconfig */ = {isa = PBXFileReference; includeInIndex = 1; lastKnownFileType = text.xcconfig; name = "Pods-DesafioInfoGlobo-DesafioInfoGloboUITests.release.xcconfig"; path = "Target Support Files/Pods-DesafioInfoGlobo-DesafioInfoGloboUITests/Pods-DesafioInfoGlobo-DesafioInfoGloboUITests.release.xcconfig"; sourceTree = "<group>"; };
		AE1E5950258CE2FD00166E46 /* AppCoordinator+HomeScene.swift */ = {isa = PBXFileReference; fileEncoding = 4; lastKnownFileType = sourcecode.swift; path = "AppCoordinator+HomeScene.swift"; sourceTree = "<group>"; };
		AE1E5951258CE2FD00166E46 /* AppCoordinator.swift */ = {isa = PBXFileReference; fileEncoding = 4; lastKnownFileType = sourcecode.swift; path = AppCoordinator.swift; sourceTree = "<group>"; };
		AE1E5952258CE2FD00166E46 /* AppCoordinator+NewsDetailedScene.swift */ = {isa = PBXFileReference; fileEncoding = 4; lastKnownFileType = sourcecode.swift; path = "AppCoordinator+NewsDetailedScene.swift"; sourceTree = "<group>"; };
		AE1E595D258CE30E00166E46 /* WarningView.swift */ = {isa = PBXFileReference; fileEncoding = 4; lastKnownFileType = sourcecode.swift; path = WarningView.swift; sourceTree = "<group>"; };
		AE1E595E258CE30E00166E46 /* UIVIew+Extension.swift */ = {isa = PBXFileReference; fileEncoding = 4; lastKnownFileType = sourcecode.swift; path = "UIVIew+Extension.swift"; sourceTree = "<group>"; };
		AE1E595F258CE30E00166E46 /* Coordinator.swift */ = {isa = PBXFileReference; fileEncoding = 4; lastKnownFileType = sourcecode.swift; path = Coordinator.swift; sourceTree = "<group>"; };
		AE1E5967258CE32100166E46 /* LaunchScreen.storyboard */ = {isa = PBXFileReference; fileEncoding = 4; lastKnownFileType = file.storyboard; path = LaunchScreen.storyboard; sourceTree = "<group>"; };
		AE1E5968258CE32100166E46 /* Assets.xcassets */ = {isa = PBXFileReference; lastKnownFileType = folder.assetcatalog; path = Assets.xcassets; sourceTree = "<group>"; };
		AE1E5969258CE32100166E46 /* AppDelegate.swift */ = {isa = PBXFileReference; fileEncoding = 4; lastKnownFileType = sourcecode.swift; path = AppDelegate.swift; sourceTree = "<group>"; };
		AE1E596A258CE32100166E46 /* RequestMock.json */ = {isa = PBXFileReference; fileEncoding = 4; lastKnownFileType = text.json; path = RequestMock.json; sourceTree = "<group>"; };
		AE1E596B258CE32100166E46 /* Info.plist */ = {isa = PBXFileReference; fileEncoding = 4; lastKnownFileType = text.plist.xml; path = Info.plist; sourceTree = "<group>"; };
		AE1E5977258CE33000166E46 /* NewsDetailedSceneViewModel.swift */ = {isa = PBXFileReference; fileEncoding = 4; lastKnownFileType = sourcecode.swift; path = NewsDetailedSceneViewModel.swift; sourceTree = "<group>"; };
		AE1E5979258CE33000166E46 /* NewsDetailedSceneViewData.swift */ = {isa = PBXFileReference; fileEncoding = 4; lastKnownFileType = sourcecode.swift; path = NewsDetailedSceneViewData.swift; sourceTree = "<group>"; };
		AE1E597B258CE33000166E46 /* NewsDetailedModel.swift */ = {isa = PBXFileReference; fileEncoding = 4; lastKnownFileType = sourcecode.swift; path = NewsDetailedModel.swift; sourceTree = "<group>"; };
		AE1E597D258CE33000166E46 /* NewsDetailedSceneViewController.xib */ = {isa = PBXFileReference; fileEncoding = 4; lastKnownFileType = file.xib; path = NewsDetailedSceneViewController.xib; sourceTree = "<group>"; };
		AE1E597E258CE33000166E46 /* NewsDetailedSceneViewController.swift */ = {isa = PBXFileReference; fileEncoding = 4; lastKnownFileType = sourcecode.swift; path = NewsDetailedSceneViewController.swift; sourceTree = "<group>"; };
		AE1E5981258CE33000166E46 /* HomeSceneViewModel.swift */ = {isa = PBXFileReference; fileEncoding = 4; lastKnownFileType = sourcecode.swift; path = HomeSceneViewModel.swift; sourceTree = "<group>"; };
		AE1E5983258CE33000166E46 /* HomeSceneViewData.swift */ = {isa = PBXFileReference; fileEncoding = 4; lastKnownFileType = sourcecode.swift; path = HomeSceneViewData.swift; sourceTree = "<group>"; };
		AE1E5985258CE33000166E46 /* HomeSceneModel.swift */ = {isa = PBXFileReference; fileEncoding = 4; lastKnownFileType = sourcecode.swift; path = HomeSceneModel.swift; sourceTree = "<group>"; };
		AE1E5987258CE33000166E46 /* HomeSceneService.swift */ = {isa = PBXFileReference; fileEncoding = 4; lastKnownFileType = sourcecode.swift; path = HomeSceneService.swift; sourceTree = "<group>"; };
		AE1E5989258CE33000166E46 /* HomeSceneViewController.xib */ = {isa = PBXFileReference; fileEncoding = 4; lastKnownFileType = file.xib; path = HomeSceneViewController.xib; sourceTree = "<group>"; };
		AE1E598A258CE33000166E46 /* HomeViewController.swift */ = {isa = PBXFileReference; fileEncoding = 4; lastKnownFileType = sourcecode.swift; path = HomeViewController.swift; sourceTree = "<group>"; };
		AE1E598C258CE33000166E46 /* HomeTableViewCell.swift */ = {isa = PBXFileReference; fileEncoding = 4; lastKnownFileType = sourcecode.swift; path = HomeTableViewCell.swift; sourceTree = "<group>"; };
		AE1E598D258CE33000166E46 /* HomeTableViewCell.xib */ = {isa = PBXFileReference; fileEncoding = 4; lastKnownFileType = file.xib; path = HomeTableViewCell.xib; sourceTree = "<group>"; };
		AE1E59D9258CE54500166E46 /* DesafioInfoGloboTests.xctest */ = {isa = PBXFileReference; explicitFileType = wrapper.cfbundle; includeInIndex = 0; path = DesafioInfoGloboTests.xctest; sourceTree = BUILT_PRODUCTS_DIR; };
		AE1E59DD258CE54500166E46 /* Info.plist */ = {isa = PBXFileReference; lastKnownFileType = text.plist.xml; path = Info.plist; sourceTree = "<group>"; };
		AE7FC24A258500E200D3D13F /* DesafioInfoGlobo.app */ = {isa = PBXFileReference; explicitFileType = wrapper.application; includeInIndex = 0; path = DesafioInfoGlobo.app; sourceTree = BUILT_PRODUCTS_DIR; };
		AEEB885D258CE59600C1ACAA /* HomeSceneServiceTest.swift */ = {isa = PBXFileReference; lastKnownFileType = sourcecode.swift; path = HomeSceneServiceTest.swift; sourceTree = "<group>"; };
		B2BA79590C44893351DCE4F6 /* Pods_DesafioInfoGlobo.framework */ = {isa = PBXFileReference; explicitFileType = wrapper.framework; includeInIndex = 0; path = Pods_DesafioInfoGlobo.framework; sourceTree = BUILT_PRODUCTS_DIR; };
		C3C1D62610942D861698AAD5 /* Pods-DesafioInfoGloboTests.release.xcconfig */ = {isa = PBXFileReference; includeInIndex = 1; lastKnownFileType = text.xcconfig; name = "Pods-DesafioInfoGloboTests.release.xcconfig"; path = "Target Support Files/Pods-DesafioInfoGloboTests/Pods-DesafioInfoGloboTests.release.xcconfig"; sourceTree = "<group>"; };
		E48C0248BF4E77680892AB0C /* Pods-DesafioInfoGlobo-DesafioInfoGloboUITests.debug.xcconfig */ = {isa = PBXFileReference; includeInIndex = 1; lastKnownFileType = text.xcconfig; name = "Pods-DesafioInfoGlobo-DesafioInfoGloboUITests.debug.xcconfig"; path = "Target Support Files/Pods-DesafioInfoGlobo-DesafioInfoGloboUITests/Pods-DesafioInfoGlobo-DesafioInfoGloboUITests.debug.xcconfig"; sourceTree = "<group>"; };
		F9EDCF5E97E9B3AB3352AD39 /* Pods-DesafioInfoGlobo.release.xcconfig */ = {isa = PBXFileReference; includeInIndex = 1; lastKnownFileType = text.xcconfig; name = "Pods-DesafioInfoGlobo.release.xcconfig"; path = "Target Support Files/Pods-DesafioInfoGlobo/Pods-DesafioInfoGlobo.release.xcconfig"; sourceTree = "<group>"; };
/* End PBXFileReference section */

/* Begin PBXFrameworksBuildPhase section */
		AE1E59D6258CE54500166E46 /* Frameworks */ = {
			isa = PBXFrameworksBuildPhase;
			buildActionMask = 2147483647;
			files = (
			);
			runOnlyForDeploymentPostprocessing = 0;
		};
		AE7FC247258500E200D3D13F /* Frameworks */ = {
			isa = PBXFrameworksBuildPhase;
			buildActionMask = 2147483647;
			files = (
				04B4B8EC14E76DCF5BD05028 /* Pods_DesafioInfoGlobo.framework in Frameworks */,
			);
			runOnlyForDeploymentPostprocessing = 0;
		};
/* End PBXFrameworksBuildPhase section */

/* Begin PBXGroup section */
		87ABC4282565FF55E8E55DEF /* Pods */ = {
			isa = PBXGroup;
			children = (
				1E0F1E466072D62E6B667961 /* Pods-DesafioInfoGlobo.debug.xcconfig */,
				F9EDCF5E97E9B3AB3352AD39 /* Pods-DesafioInfoGlobo.release.xcconfig */,
				E48C0248BF4E77680892AB0C /* Pods-DesafioInfoGlobo-DesafioInfoGloboUITests.debug.xcconfig */,
				A1AA7234101B2DD7C95855D7 /* Pods-DesafioInfoGlobo-DesafioInfoGloboUITests.release.xcconfig */,
				5369B2A950E4242874CAF811 /* Pods-DesafioInfoGloboTests.debug.xcconfig */,
				C3C1D62610942D861698AAD5 /* Pods-DesafioInfoGloboTests.release.xcconfig */,
			);
			path = Pods;
			sourceTree = "<group>";
		};
		AE1E594F258CE2FD00166E46 /* Coordinator */ = {
			isa = PBXGroup;
			children = (
				AE1E5950258CE2FD00166E46 /* AppCoordinator+HomeScene.swift */,
				AE1E5951258CE2FD00166E46 /* AppCoordinator.swift */,
				AE1E5952258CE2FD00166E46 /* AppCoordinator+NewsDetailedScene.swift */,
			);
			path = Coordinator;
			sourceTree = "<group>";
		};
		AE1E595C258CE30E00166E46 /* Core */ = {
			isa = PBXGroup;
			children = (
				AE1E595D258CE30E00166E46 /* WarningView.swift */,
				AE1E595E258CE30E00166E46 /* UIVIew+Extension.swift */,
				AE1E595F258CE30E00166E46 /* Coordinator.swift */,
			);
			path = Core;
			sourceTree = "<group>";
		};
		AE1E5966258CE32100166E46 /* Resources */ = {
			isa = PBXGroup;
			children = (
				AE1E5967258CE32100166E46 /* LaunchScreen.storyboard */,
				AE1E5968258CE32100166E46 /* Assets.xcassets */,
				AE1E5969258CE32100166E46 /* AppDelegate.swift */,
				AE1E596B258CE32100166E46 /* Info.plist */,
			);
			path = Resources;
			sourceTree = "<group>";
		};
		AE1E5974258CE33000166E46 /* Scenes */ = {
			isa = PBXGroup;
			children = (
				AE1E5975258CE33000166E46 /* NewsDetailedScene */,
				AE1E597F258CE33000166E46 /* HomeScene */,
			);
			path = Scenes;
			sourceTree = "<group>";
		};
		AE1E5975258CE33000166E46 /* NewsDetailedScene */ = {
			isa = PBXGroup;
			children = (
				AE1E5976258CE33000166E46 /* ViewModel */,
				AE1E5978258CE33000166E46 /* ViewData */,
				AE1E597A258CE33000166E46 /* Model */,
				AE1E597C258CE33000166E46 /* ViewController */,
			);
			path = NewsDetailedScene;
			sourceTree = "<group>";
		};
		AE1E5976258CE33000166E46 /* ViewModel */ = {
			isa = PBXGroup;
			children = (
				AE1E5977258CE33000166E46 /* NewsDetailedSceneViewModel.swift */,
			);
			path = ViewModel;
			sourceTree = "<group>";
		};
		AE1E5978258CE33000166E46 /* ViewData */ = {
			isa = PBXGroup;
			children = (
				AE1E5979258CE33000166E46 /* NewsDetailedSceneViewData.swift */,
			);
			path = ViewData;
			sourceTree = "<group>";
		};
		AE1E597A258CE33000166E46 /* Model */ = {
			isa = PBXGroup;
			children = (
				AE1E597B258CE33000166E46 /* NewsDetailedModel.swift */,
			);
			path = Model;
			sourceTree = "<group>";
		};
		AE1E597C258CE33000166E46 /* ViewController */ = {
			isa = PBXGroup;
			children = (
				AE1E597D258CE33000166E46 /* NewsDetailedSceneViewController.xib */,
				AE1E597E258CE33000166E46 /* NewsDetailedSceneViewController.swift */,
			);
			path = ViewController;
			sourceTree = "<group>";
		};
		AE1E597F258CE33000166E46 /* HomeScene */ = {
			isa = PBXGroup;
			children = (
				AE1E5980258CE33000166E46 /* ViewModel */,
				AE1E5982258CE33000166E46 /* ViewData */,
				AE1E5984258CE33000166E46 /* Model */,
				AE1E5986258CE33000166E46 /* Service */,
				AE1E5988258CE33000166E46 /* ViewController */,
			);
			path = HomeScene;
			sourceTree = "<group>";
		};
		AE1E5980258CE33000166E46 /* ViewModel */ = {
			isa = PBXGroup;
			children = (
				AE1E5981258CE33000166E46 /* HomeSceneViewModel.swift */,
			);
			path = ViewModel;
			sourceTree = "<group>";
		};
		AE1E5982258CE33000166E46 /* ViewData */ = {
			isa = PBXGroup;
			children = (
				AE1E5983258CE33000166E46 /* HomeSceneViewData.swift */,
			);
			path = ViewData;
			sourceTree = "<group>";
		};
		AE1E5984258CE33000166E46 /* Model */ = {
			isa = PBXGroup;
			children = (
				AE1E5985258CE33000166E46 /* HomeSceneModel.swift */,
			);
			path = Model;
			sourceTree = "<group>";
		};
		AE1E5986258CE33000166E46 /* Service */ = {
			isa = PBXGroup;
			children = (
				AE1E5987258CE33000166E46 /* HomeSceneService.swift */,
			);
			path = Service;
			sourceTree = "<group>";
		};
		AE1E5988258CE33000166E46 /* ViewController */ = {
			isa = PBXGroup;
			children = (
				AE1E5989258CE33000166E46 /* HomeSceneViewController.xib */,
				AE1E598A258CE33000166E46 /* HomeViewController.swift */,
				AE1E598B258CE33000166E46 /* Subviews */,
			);
			path = ViewController;
			sourceTree = "<group>";
		};
		AE1E598B258CE33000166E46 /* Subviews */ = {
			isa = PBXGroup;
			children = (
				AE1E598C258CE33000166E46 /* HomeTableViewCell.swift */,
				AE1E598D258CE33000166E46 /* HomeTableViewCell.xib */,
			);
			path = Subviews;
			sourceTree = "<group>";
		};
		AE1E59DA258CE54500166E46 /* DesafioInfoGloboTests */ = {
			isa = PBXGroup;
			children = (
				AEEB885B258CE58000C1ACAA /* HomeScene */,
				AE1E59DD258CE54500166E46 /* Info.plist */,
			);
			path = DesafioInfoGloboTests;
			sourceTree = "<group>";
		};
		AE7FC241258500E200D3D13F = {
			isa = PBXGroup;
			children = (
				AE7FC24C258500E200D3D13F /* DesafioInfoGlobo */,
				AE1E59DA258CE54500166E46 /* DesafioInfoGloboTests */,
				AE7FC24B258500E200D3D13F /* Products */,
				87ABC4282565FF55E8E55DEF /* Pods */,
				FDAEBAF9DB8A59ECE82BF682 /* Frameworks */,
			);
			sourceTree = "<group>";
		};
		AE7FC24B258500E200D3D13F /* Products */ = {
			isa = PBXGroup;
			children = (
				AE7FC24A258500E200D3D13F /* DesafioInfoGlobo.app */,
				AE1E59D9258CE54500166E46 /* DesafioInfoGloboTests.xctest */,
			);
			name = Products;
			sourceTree = "<group>";
		};
		AE7FC24C258500E200D3D13F /* DesafioInfoGlobo */ = {
			isa = PBXGroup;
			children = (
				AE1E5966258CE32100166E46 /* Resources */,
				AE1E595C258CE30E00166E46 /* Core */,
				AE1E594F258CE2FD00166E46 /* Coordinator */,
				AE1E5974258CE33000166E46 /* Scenes */,
			);
			path = DesafioInfoGlobo;
			sourceTree = "<group>";
		};
		AEEB885B258CE58000C1ACAA /* HomeScene */ = {
			isa = PBXGroup;
			children = (
				AEEB885C258CE58500C1ACAA /* Service */,
			);
			path = HomeScene;
			sourceTree = "<group>";
		};
		AEEB885C258CE58500C1ACAA /* Service */ = {
			isa = PBXGroup;
			children = (
				AE1E596A258CE32100166E46 /* RequestMock.json */,
				AEEB885D258CE59600C1ACAA /* HomeSceneServiceTest.swift */,
			);
			path = Service;
			sourceTree = "<group>";
		};
		FDAEBAF9DB8A59ECE82BF682 /* Frameworks */ = {
			isa = PBXGroup;
			children = (
				B2BA79590C44893351DCE4F6 /* Pods_DesafioInfoGlobo.framework */,
				01E26DD10CA2FAAD58D3BFD8 /* Pods_DesafioInfoGlobo_DesafioInfoGloboUITests.framework */,
				827AAFF60A837A98A070FB8B /* Pods_DesafioInfoGloboTests.framework */,
			);
			name = Frameworks;
			sourceTree = "<group>";
		};
/* End PBXGroup section */

/* Begin PBXNativeTarget section */
		AE1E59D8258CE54500166E46 /* DesafioInfoGloboTests */ = {
			isa = PBXNativeTarget;
			buildConfigurationList = AE1E59E0258CE54500166E46 /* Build configuration list for PBXNativeTarget "DesafioInfoGloboTests" */;
			buildPhases = (
				AE1E59D5258CE54500166E46 /* Sources */,
				AE1E59D6258CE54500166E46 /* Frameworks */,
				AE1E59D7258CE54500166E46 /* Resources */,
			);
			buildRules = (
			);
			dependencies = (
				AE1E59DF258CE54500166E46 /* PBXTargetDependency */,
			);
			name = DesafioInfoGloboTests;
			productName = DesafioInfoGloboTests;
			productReference = AE1E59D9258CE54500166E46 /* DesafioInfoGloboTests.xctest */;
			productType = "com.apple.product-type.bundle.unit-test";
		};
		AE7FC249258500E200D3D13F /* DesafioInfoGlobo */ = {
			isa = PBXNativeTarget;
			buildConfigurationList = AE7FC274258500E300D3D13F /* Build configuration list for PBXNativeTarget "DesafioInfoGlobo" */;
			buildPhases = (
				6AB02DAAFC68BA4FDD0E48DC /* [CP] Check Pods Manifest.lock */,
				AE7FC246258500E200D3D13F /* Sources */,
				AE7FC247258500E200D3D13F /* Frameworks */,
				AE7FC248258500E200D3D13F /* Resources */,
				15668865FE0C7912D6613248 /* [CP] Embed Pods Frameworks */,
			);
			buildRules = (
			);
			dependencies = (
			);
			name = DesafioInfoGlobo;
			productName = DesafioInfoGlobo;
			productReference = AE7FC24A258500E200D3D13F /* DesafioInfoGlobo.app */;
			productType = "com.apple.product-type.application";
		};
/* End PBXNativeTarget section */

/* Begin PBXProject section */
		AE7FC242258500E200D3D13F /* Project object */ = {
			isa = PBXProject;
			attributes = {
				LastSwiftUpdateCheck = 1220;
				LastUpgradeCheck = 1220;
				TargetAttributes = {
					AE1E59D8258CE54500166E46 = {
						CreatedOnToolsVersion = 12.2;
						LastSwiftMigration = 1220;
						TestTargetID = AE7FC249258500E200D3D13F;
					};
					AE7FC249258500E200D3D13F = {
						CreatedOnToolsVersion = 12.2;
					};
				};
			};
			buildConfigurationList = AE7FC245258500E200D3D13F /* Build configuration list for PBXProject "DesafioInfoGlobo" */;
			compatibilityVersion = "Xcode 9.3";
			developmentRegion = en;
			hasScannedForEncodings = 0;
			knownRegions = (
				en,
				Base,
			);
			mainGroup = AE7FC241258500E200D3D13F;
			productRefGroup = AE7FC24B258500E200D3D13F /* Products */;
			projectDirPath = "";
			projectRoot = "";
			targets = (
				AE7FC249258500E200D3D13F /* DesafioInfoGlobo */,
				AE1E59D8258CE54500166E46 /* DesafioInfoGloboTests */,
			);
		};
/* End PBXProject section */

/* Begin PBXResourcesBuildPhase section */
		AE1E59D7258CE54500166E46 /* Resources */ = {
			isa = PBXResourcesBuildPhase;
			buildActionMask = 2147483647;
			files = (
			);
			runOnlyForDeploymentPostprocessing = 0;
		};
		AE7FC248258500E200D3D13F /* Resources */ = {
			isa = PBXResourcesBuildPhase;
			buildActionMask = 2147483647;
			files = (
				AE1E599A258CE33000166E46 /* HomeTableViewCell.xib in Resources */,
				AE1E596D258CE32200166E46 /* Assets.xcassets in Resources */,
				AE1E5997258CE33000166E46 /* HomeSceneViewController.xib in Resources */,
				AE1E5991258CE33000166E46 /* NewsDetailedSceneViewController.xib in Resources */,
				AE1E596C258CE32200166E46 /* LaunchScreen.storyboard in Resources */,
				AE1E596F258CE32200166E46 /* RequestMock.json in Resources */,
			);
			runOnlyForDeploymentPostprocessing = 0;
		};
/* End PBXResourcesBuildPhase section */

/* Begin PBXShellScriptBuildPhase section */
		15668865FE0C7912D6613248 /* [CP] Embed Pods Frameworks */ = {
			isa = PBXShellScriptBuildPhase;
			buildActionMask = 2147483647;
			files = (
			);
			inputFileListPaths = (
				"${PODS_ROOT}/Target Support Files/Pods-DesafioInfoGlobo/Pods-DesafioInfoGlobo-frameworks-${CONFIGURATION}-input-files.xcfilelist",
			);
			name = "[CP] Embed Pods Frameworks";
			outputFileListPaths = (
				"${PODS_ROOT}/Target Support Files/Pods-DesafioInfoGlobo/Pods-DesafioInfoGlobo-frameworks-${CONFIGURATION}-output-files.xcfilelist",
			);
			runOnlyForDeploymentPostprocessing = 0;
			shellPath = /bin/sh;
			shellScript = "\"${PODS_ROOT}/Target Support Files/Pods-DesafioInfoGlobo/Pods-DesafioInfoGlobo-frameworks.sh\"\n";
			showEnvVarsInLog = 0;
		};
		6AB02DAAFC68BA4FDD0E48DC /* [CP] Check Pods Manifest.lock */ = {
			isa = PBXShellScriptBuildPhase;
			buildActionMask = 2147483647;
			files = (
			);
			inputFileListPaths = (
			);
			inputPaths = (
				"${PODS_PODFILE_DIR_PATH}/Podfile.lock",
				"${PODS_ROOT}/Manifest.lock",
			);
			name = "[CP] Check Pods Manifest.lock";
			outputFileListPaths = (
			);
			outputPaths = (
				"$(DERIVED_FILE_DIR)/Pods-DesafioInfoGlobo-checkManifestLockResult.txt",
			);
			runOnlyForDeploymentPostprocessing = 0;
			shellPath = /bin/sh;
			shellScript = "diff \"${PODS_PODFILE_DIR_PATH}/Podfile.lock\" \"${PODS_ROOT}/Manifest.lock\" > /dev/null\nif [ $? != 0 ] ; then\n    # print error to STDERR\n    echo \"error: The sandbox is not in sync with the Podfile.lock. Run 'pod install' or update your CocoaPods installation.\" >&2\n    exit 1\nfi\n# This output is used by Xcode 'outputs' to avoid re-running this script phase.\necho \"SUCCESS\" > \"${SCRIPT_OUTPUT_FILE_0}\"\n";
			showEnvVarsInLog = 0;
		};
/* End PBXShellScriptBuildPhase section */

/* Begin PBXSourcesBuildPhase section */
		AE1E59D5258CE54500166E46 /* Sources */ = {
			isa = PBXSourcesBuildPhase;
			buildActionMask = 2147483647;
			files = (
				AEEB885E258CE59600C1ACAA /* HomeSceneServiceTest.swift in Sources */,
			);
			runOnlyForDeploymentPostprocessing = 0;
		};
		AE7FC246258500E200D3D13F /* Sources */ = {
			isa = PBXSourcesBuildPhase;
			buildActionMask = 2147483647;
			files = (
				AE1E5996258CE33000166E46 /* HomeSceneService.swift in Sources */,
				AE1E5954258CE2FD00166E46 /* AppCoordinator.swift in Sources */,
				AE1E5995258CE33000166E46 /* HomeSceneModel.swift in Sources */,
				AE1E5960258CE30E00166E46 /* WarningView.swift in Sources */,
				AE1E5994258CE33000166E46 /* HomeSceneViewData.swift in Sources */,
				AE1E5962258CE30E00166E46 /* Coordinator.swift in Sources */,
				AE1E5955258CE2FD00166E46 /* AppCoordinator+NewsDetailedScene.swift in Sources */,
				AE1E5990258CE33000166E46 /* NewsDetailedModel.swift in Sources */,
				AE1E598E258CE33000166E46 /* NewsDetailedSceneViewModel.swift in Sources */,
				AE1E5993258CE33000166E46 /* HomeSceneViewModel.swift in Sources */,
				AE1E596E258CE32200166E46 /* AppDelegate.swift in Sources */,
				AE1E5998258CE33000166E46 /* HomeViewController.swift in Sources */,
				AE1E5961258CE30E00166E46 /* UIVIew+Extension.swift in Sources */,
				AE1E5992258CE33000166E46 /* NewsDetailedSceneViewController.swift in Sources */,
				AE1E5953258CE2FD00166E46 /* AppCoordinator+HomeScene.swift in Sources */,
				AE1E5999258CE33000166E46 /* HomeTableViewCell.swift in Sources */,
				AE1E598F258CE33000166E46 /* NewsDetailedSceneViewData.swift in Sources */,
			);
			runOnlyForDeploymentPostprocessing = 0;
		};
/* End PBXSourcesBuildPhase section */

/* Begin PBXTargetDependency section */
		AE1E59DF258CE54500166E46 /* PBXTargetDependency */ = {
			isa = PBXTargetDependency;
			target = AE7FC249258500E200D3D13F /* DesafioInfoGlobo */;
			targetProxy = AE1E59DE258CE54500166E46 /* PBXContainerItemProxy */;
		};
/* End PBXTargetDependency section */

/* Begin XCBuildConfiguration section */
		AE1E59E1258CE54500166E46 /* Debug */ = {
			isa = XCBuildConfiguration;
			buildSettings = {
				BUNDLE_LOADER = "$(TEST_HOST)";
				CLANG_ENABLE_MODULES = YES;
				CODE_SIGN_STYLE = Automatic;
				DEVELOPMENT_TEAM = KNQUVW98YZ;
				INFOPLIST_FILE = DesafioInfoGloboTests/Info.plist;
				LD_RUNPATH_SEARCH_PATHS = (
					"$(inherited)",
					"@executable_path/Frameworks",
					"@loader_path/Frameworks",
				);
				PRODUCT_BUNDLE_IDENTIFIER = com.br.DesafioInfoGloboTests;
				PRODUCT_NAME = "$(TARGET_NAME)";
				SWIFT_OPTIMIZATION_LEVEL = "-Onone";
				SWIFT_VERSION = 5.0;
				TARGETED_DEVICE_FAMILY = "1,2";
				TEST_HOST = "$(BUILT_PRODUCTS_DIR)/DesafioInfoGlobo.app/DesafioInfoGlobo";
			};
			name = Debug;
		};
		AE1E59E2258CE54500166E46 /* Release */ = {
			isa = XCBuildConfiguration;
			buildSettings = {
				BUNDLE_LOADER = "$(TEST_HOST)";
				CLANG_ENABLE_MODULES = YES;
				CODE_SIGN_STYLE = Automatic;
				DEVELOPMENT_TEAM = KNQUVW98YZ;
				INFOPLIST_FILE = DesafioInfoGloboTests/Info.plist;
				LD_RUNPATH_SEARCH_PATHS = (
					"$(inherited)",
					"@executable_path/Frameworks",
					"@loader_path/Frameworks",
				);
				PRODUCT_BUNDLE_IDENTIFIER = com.br.DesafioInfoGloboTests;
				PRODUCT_NAME = "$(TARGET_NAME)";
				SWIFT_VERSION = 5.0;
				TARGETED_DEVICE_FAMILY = "1,2";
				TEST_HOST = "$(BUILT_PRODUCTS_DIR)/DesafioInfoGlobo.app/DesafioInfoGlobo";
			};
			name = Release;
		};
		AE7FC272258500E300D3D13F /* Debug */ = {
			isa = XCBuildConfiguration;
			buildSettings = {
				ALWAYS_SEARCH_USER_PATHS = NO;
				CLANG_ANALYZER_NONNULL = YES;
				CLANG_ANALYZER_NUMBER_OBJECT_CONVERSION = YES_AGGRESSIVE;
				CLANG_CXX_LANGUAGE_STANDARD = "gnu++14";
				CLANG_CXX_LIBRARY = "libc++";
				CLANG_ENABLE_MODULES = YES;
				CLANG_ENABLE_OBJC_ARC = YES;
				CLANG_ENABLE_OBJC_WEAK = YES;
				CLANG_WARN_BLOCK_CAPTURE_AUTORELEASING = YES;
				CLANG_WARN_BOOL_CONVERSION = YES;
				CLANG_WARN_COMMA = YES;
				CLANG_WARN_CONSTANT_CONVERSION = YES;
				CLANG_WARN_DEPRECATED_OBJC_IMPLEMENTATIONS = YES;
				CLANG_WARN_DIRECT_OBJC_ISA_USAGE = YES_ERROR;
				CLANG_WARN_DOCUMENTATION_COMMENTS = YES;
				CLANG_WARN_EMPTY_BODY = YES;
				CLANG_WARN_ENUM_CONVERSION = YES;
				CLANG_WARN_INFINITE_RECURSION = YES;
				CLANG_WARN_INT_CONVERSION = YES;
				CLANG_WARN_NON_LITERAL_NULL_CONVERSION = YES;
				CLANG_WARN_OBJC_IMPLICIT_RETAIN_SELF = YES;
				CLANG_WARN_OBJC_LITERAL_CONVERSION = YES;
				CLANG_WARN_OBJC_ROOT_CLASS = YES_ERROR;
				CLANG_WARN_QUOTED_INCLUDE_IN_FRAMEWORK_HEADER = YES;
				CLANG_WARN_RANGE_LOOP_ANALYSIS = YES;
				CLANG_WARN_STRICT_PROTOTYPES = YES;
				CLANG_WARN_SUSPICIOUS_MOVE = YES;
				CLANG_WARN_UNGUARDED_AVAILABILITY = YES_AGGRESSIVE;
				CLANG_WARN_UNREACHABLE_CODE = YES;
				CLANG_WARN__DUPLICATE_METHOD_MATCH = YES;
				COPY_PHASE_STRIP = NO;
				DEBUG_INFORMATION_FORMAT = dwarf;
				ENABLE_STRICT_OBJC_MSGSEND = YES;
				ENABLE_TESTABILITY = YES;
				GCC_C_LANGUAGE_STANDARD = gnu11;
				GCC_DYNAMIC_NO_PIC = NO;
				GCC_NO_COMMON_BLOCKS = YES;
				GCC_OPTIMIZATION_LEVEL = 0;
				GCC_PREPROCESSOR_DEFINITIONS = (
					"DEBUG=1",
					"$(inherited)",
				);
				GCC_WARN_64_TO_32_BIT_CONVERSION = YES;
				GCC_WARN_ABOUT_RETURN_TYPE = YES_ERROR;
				GCC_WARN_UNDECLARED_SELECTOR = YES;
				GCC_WARN_UNINITIALIZED_AUTOS = YES_AGGRESSIVE;
				GCC_WARN_UNUSED_FUNCTION = YES;
				GCC_WARN_UNUSED_VARIABLE = YES;
				IPHONEOS_DEPLOYMENT_TARGET = 14.2;
				MTL_ENABLE_DEBUG_INFO = INCLUDE_SOURCE;
				MTL_FAST_MATH = YES;
				ONLY_ACTIVE_ARCH = YES;
				SDKROOT = iphoneos;
				SWIFT_ACTIVE_COMPILATION_CONDITIONS = DEBUG;
				SWIFT_OPTIMIZATION_LEVEL = "-Onone";
			};
			name = Debug;
		};
		AE7FC273258500E300D3D13F /* Release */ = {
			isa = XCBuildConfiguration;
			buildSettings = {
				ALWAYS_SEARCH_USER_PATHS = NO;
				CLANG_ANALYZER_NONNULL = YES;
				CLANG_ANALYZER_NUMBER_OBJECT_CONVERSION = YES_AGGRESSIVE;
				CLANG_CXX_LANGUAGE_STANDARD = "gnu++14";
				CLANG_CXX_LIBRARY = "libc++";
				CLANG_ENABLE_MODULES = YES;
				CLANG_ENABLE_OBJC_ARC = YES;
				CLANG_ENABLE_OBJC_WEAK = YES;
				CLANG_WARN_BLOCK_CAPTURE_AUTORELEASING = YES;
				CLANG_WARN_BOOL_CONVERSION = YES;
				CLANG_WARN_COMMA = YES;
				CLANG_WARN_CONSTANT_CONVERSION = YES;
				CLANG_WARN_DEPRECATED_OBJC_IMPLEMENTATIONS = YES;
				CLANG_WARN_DIRECT_OBJC_ISA_USAGE = YES_ERROR;
				CLANG_WARN_DOCUMENTATION_COMMENTS = YES;
				CLANG_WARN_EMPTY_BODY = YES;
				CLANG_WARN_ENUM_CONVERSION = YES;
				CLANG_WARN_INFINITE_RECURSION = YES;
				CLANG_WARN_INT_CONVERSION = YES;
				CLANG_WARN_NON_LITERAL_NULL_CONVERSION = YES;
				CLANG_WARN_OBJC_IMPLICIT_RETAIN_SELF = YES;
				CLANG_WARN_OBJC_LITERAL_CONVERSION = YES;
				CLANG_WARN_OBJC_ROOT_CLASS = YES_ERROR;
				CLANG_WARN_QUOTED_INCLUDE_IN_FRAMEWORK_HEADER = YES;
				CLANG_WARN_RANGE_LOOP_ANALYSIS = YES;
				CLANG_WARN_STRICT_PROTOTYPES = YES;
				CLANG_WARN_SUSPICIOUS_MOVE = YES;
				CLANG_WARN_UNGUARDED_AVAILABILITY = YES_AGGRESSIVE;
				CLANG_WARN_UNREACHABLE_CODE = YES;
				CLANG_WARN__DUPLICATE_METHOD_MATCH = YES;
				COPY_PHASE_STRIP = NO;
				DEBUG_INFORMATION_FORMAT = "dwarf-with-dsym";
				ENABLE_NS_ASSERTIONS = NO;
				ENABLE_STRICT_OBJC_MSGSEND = YES;
				GCC_C_LANGUAGE_STANDARD = gnu11;
				GCC_NO_COMMON_BLOCKS = YES;
				GCC_WARN_64_TO_32_BIT_CONVERSION = YES;
				GCC_WARN_ABOUT_RETURN_TYPE = YES_ERROR;
				GCC_WARN_UNDECLARED_SELECTOR = YES;
				GCC_WARN_UNINITIALIZED_AUTOS = YES_AGGRESSIVE;
				GCC_WARN_UNUSED_FUNCTION = YES;
				GCC_WARN_UNUSED_VARIABLE = YES;
				IPHONEOS_DEPLOYMENT_TARGET = 14.2;
				MTL_ENABLE_DEBUG_INFO = NO;
				MTL_FAST_MATH = YES;
				SDKROOT = iphoneos;
				SWIFT_COMPILATION_MODE = wholemodule;
				SWIFT_OPTIMIZATION_LEVEL = "-O";
				VALIDATE_PRODUCT = YES;
			};
			name = Release;
		};
		AE7FC275258500E300D3D13F /* Debug */ = {
			isa = XCBuildConfiguration;
			baseConfigurationReference = 1E0F1E466072D62E6B667961 /* Pods-DesafioInfoGlobo.debug.xcconfig */;
			buildSettings = {
				ASSETCATALOG_COMPILER_APPICON_NAME = AppIcon;
				ASSETCATALOG_COMPILER_GLOBAL_ACCENT_COLOR_NAME = AccentColor;
				CODE_SIGN_STYLE = Automatic;
				DEVELOPMENT_TEAM = KNQUVW98YZ;
				INFOPLIST_FILE = DesafioInfoGlobo/Resources/Info.plist;
				LD_RUNPATH_SEARCH_PATHS = (
					"$(inherited)",
					"@executable_path/Frameworks",
				);
				PRODUCT_BUNDLE_IDENTIFIER = com.br.DesafioInfoGlobo;
				PRODUCT_NAME = "$(TARGET_NAME)";
				SWIFT_VERSION = 5.0;
				TARGETED_DEVICE_FAMILY = "1,2";
			};
			name = Debug;
		};
		AE7FC276258500E300D3D13F /* Release */ = {
			isa = XCBuildConfiguration;
			baseConfigurationReference = F9EDCF5E97E9B3AB3352AD39 /* Pods-DesafioInfoGlobo.release.xcconfig */;
			buildSettings = {
				ASSETCATALOG_COMPILER_APPICON_NAME = AppIcon;
				ASSETCATALOG_COMPILER_GLOBAL_ACCENT_COLOR_NAME = AccentColor;
				CODE_SIGN_STYLE = Automatic;
				DEVELOPMENT_TEAM = KNQUVW98YZ;
				INFOPLIST_FILE = DesafioInfoGlobo/Resources/Info.plist;
				LD_RUNPATH_SEARCH_PATHS = (
					"$(inherited)",
					"@executable_path/Frameworks",
				);
				PRODUCT_BUNDLE_IDENTIFIER = com.br.DesafioInfoGlobo;
				PRODUCT_NAME = "$(TARGET_NAME)";
				SWIFT_VERSION = 5.0;
				TARGETED_DEVICE_FAMILY = "1,2";
			};
			name = Release;
		};
/* End XCBuildConfiguration section */

/* Begin XCConfigurationList section */
		AE1E59E0258CE54500166E46 /* Build configuration list for PBXNativeTarget "DesafioInfoGloboTests" */ = {
			isa = XCConfigurationList;
			buildConfigurations = (
				AE1E59E1258CE54500166E46 /* Debug */,
				AE1E59E2258CE54500166E46 /* Release */,
			);
			defaultConfigurationIsVisible = 0;
			defaultConfigurationName = Release;
		};
		AE7FC245258500E200D3D13F /* Build configuration list for PBXProject "DesafioInfoGlobo" */ = {
			isa = XCConfigurationList;
			buildConfigurations = (
				AE7FC272258500E300D3D13F /* Debug */,
				AE7FC273258500E300D3D13F /* Release */,
			);
			defaultConfigurationIsVisible = 0;
			defaultConfigurationName = Release;
		};
		AE7FC274258500E300D3D13F /* Build configuration list for PBXNativeTarget "DesafioInfoGlobo" */ = {
			isa = XCConfigurationList;
			buildConfigurations = (
				AE7FC275258500E300D3D13F /* Debug */,
				AE7FC276258500E300D3D13F /* Release */,
			);
			defaultConfigurationIsVisible = 0;
			defaultConfigurationName = Release;
		};
/* End XCConfigurationList section */
	};
	rootObject = AE7FC242258500E200D3D13F /* Project object */;
}
