// !$*UTF8*$!
{
	archiveVersion = 1;
	classes = {
	};
	objectVersion = 50;
	objects = {

/* Begin PBXBuildFile section */
		AE7FC24E258500E200D3D13F /* AppDelegate.swift in Sources */ = {isa = PBXBuildFile; fileRef = AE7FC24D258500E200D3D13F /* AppDelegate.swift */; };
		AE7FC250258500E200D3D13F /* SceneDelegate.swift in Sources */ = {isa = PBXBuildFile; fileRef = AE7FC24F258500E200D3D13F /* SceneDelegate.swift */; };
		AE7FC252258500E200D3D13F /* ViewController.swift in Sources */ = {isa = PBXBuildFile; fileRef = AE7FC251258500E200D3D13F /* ViewController.swift */; };
		AE7FC255258500E200D3D13F /* Main.storyboard in Resources */ = {isa = PBXBuildFile; fileRef = AE7FC253258500E200D3D13F /* Main.storyboard */; };
		AE7FC257258500E300D3D13F /* Assets.xcassets in Resources */ = {isa = PBXBuildFile; fileRef = AE7FC256258500E300D3D13F /* Assets.xcassets */; };
		AE7FC25A258500E300D3D13F /* LaunchScreen.storyboard in Resources */ = {isa = PBXBuildFile; fileRef = AE7FC258258500E300D3D13F /* LaunchScreen.storyboard */; };
		AE7FC265258500E300D3D13F /* DesafioInfoGloboTests.swift in Sources */ = {isa = PBXBuildFile; fileRef = AE7FC264258500E300D3D13F /* DesafioInfoGloboTests.swift */; };
		AE7FC270258500E300D3D13F /* DesafioInfoGloboUITests.swift in Sources */ = {isa = PBXBuildFile; fileRef = AE7FC26F258500E300D3D13F /* DesafioInfoGloboUITests.swift */; };
/* End PBXBuildFile section */

/* Begin PBXContainerItemProxy section */
		AE7FC261258500E300D3D13F /* PBXContainerItemProxy */ = {
			isa = PBXContainerItemProxy;
			containerPortal = AE7FC242258500E200D3D13F /* Project object */;
			proxyType = 1;
			remoteGlobalIDString = AE7FC249258500E200D3D13F;
			remoteInfo = DesafioInfoGlobo;
		};
		AE7FC26C258500E300D3D13F /* PBXContainerItemProxy */ = {
			isa = PBXContainerItemProxy;
			containerPortal = AE7FC242258500E200D3D13F /* Project object */;
			proxyType = 1;
			remoteGlobalIDString = AE7FC249258500E200D3D13F;
			remoteInfo = DesafioInfoGlobo;
		};
/* End PBXContainerItemProxy section */

/* Begin PBXFileReference section */
		AE7FC24A258500E200D3D13F /* DesafioInfoGlobo.app */ = {isa = PBXFileReference; explicitFileType = wrapper.application; includeInIndex = 0; path = DesafioInfoGlobo.app; sourceTree = BUILT_PRODUCTS_DIR; };
		AE7FC24D258500E200D3D13F /* AppDelegate.swift */ = {isa = PBXFileReference; lastKnownFileType = sourcecode.swift; path = AppDelegate.swift; sourceTree = "<group>"; };
		AE7FC24F258500E200D3D13F /* SceneDelegate.swift */ = {isa = PBXFileReference; lastKnownFileType = sourcecode.swift; path = SceneDelegate.swift; sourceTree = "<group>"; };
		AE7FC251258500E200D3D13F /* ViewController.swift */ = {isa = PBXFileReference; lastKnownFileType = sourcecode.swift; path = ViewController.swift; sourceTree = "<group>"; };
		AE7FC254258500E200D3D13F /* Base */ = {isa = PBXFileReference; lastKnownFileType = file.storyboard; name = Base; path = Base.lproj/Main.storyboard; sourceTree = "<group>"; };
		AE7FC256258500E300D3D13F /* Assets.xcassets */ = {isa = PBXFileReference; lastKnownFileType = folder.assetcatalog; path = Assets.xcassets; sourceTree = "<group>"; };
		AE7FC259258500E300D3D13F /* Base */ = {isa = PBXFileReference; lastKnownFileType = file.storyboard; name = Base; path = Base.lproj/LaunchScreen.storyboard; sourceTree = "<group>"; };
		AE7FC25B258500E300D3D13F /* Info.plist */ = {isa = PBXFileReference; lastKnownFileType = text.plist.xml; path = Info.plist; sourceTree = "<group>"; };
		AE7FC260258500E300D3D13F /* DesafioInfoGloboTests.xctest */ = {isa = PBXFileReference; explicitFileType = wrapper.cfbundle; includeInIndex = 0; path = DesafioInfoGloboTests.xctest; sourceTree = BUILT_PRODUCTS_DIR; };
		AE7FC264258500E300D3D13F /* DesafioInfoGloboTests.swift */ = {isa = PBXFileReference; lastKnownFileType = sourcecode.swift; path = DesafioInfoGloboTests.swift; sourceTree = "<group>"; };
		AE7FC266258500E300D3D13F /* Info.plist */ = {isa = PBXFileReference; lastKnownFileType = text.plist.xml; path = Info.plist; sourceTree = "<group>"; };
		AE7FC26B258500E300D3D13F /* DesafioInfoGloboUITests.xctest */ = {isa = PBXFileReference; explicitFileType = wrapper.cfbundle; includeInIndex = 0; path = DesafioInfoGloboUITests.xctest; sourceTree = BUILT_PRODUCTS_DIR; };
		AE7FC26F258500E300D3D13F /* DesafioInfoGloboUITests.swift */ = {isa = PBXFileReference; lastKnownFileType = sourcecode.swift; path = DesafioInfoGloboUITests.swift; sourceTree = "<group>"; };
		AE7FC271258500E300D3D13F /* Info.plist */ = {isa = PBXFileReference; lastKnownFileType = text.plist.xml; path = Info.plist; sourceTree = "<group>"; };
/* End PBXFileReference section */

/* Begin PBXFrameworksBuildPhase section */
		AE7FC247258500E200D3D13F /* Frameworks */ = {
			isa = PBXFrameworksBuildPhase;
			buildActionMask = 2147483647;
			files = (
			);
			runOnlyForDeploymentPostprocessing = 0;
		};
		AE7FC25D258500E300D3D13F /* Frameworks */ = {
			isa = PBXFrameworksBuildPhase;
			buildActionMask = 2147483647;
			files = (
			);
			runOnlyForDeploymentPostprocessing = 0;
		};
		AE7FC268258500E300D3D13F /* Frameworks */ = {
			isa = PBXFrameworksBuildPhase;
			buildActionMask = 2147483647;
			files = (
			);
			runOnlyForDeploymentPostprocessing = 0;
		};
/* End PBXFrameworksBuildPhase section */

/* Begin PBXGroup section */
		AE7FC241258500E200D3D13F = {
			isa = PBXGroup;
			children = (
				AE7FC24C258500E200D3D13F /* DesafioInfoGlobo */,
				AE7FC263258500E300D3D13F /* DesafioInfoGloboTests */,
				AE7FC26E258500E300D3D13F /* DesafioInfoGloboUITests */,
				AE7FC24B258500E200D3D13F /* Products */,
			);
			sourceTree = "<group>";
		};
		AE7FC24B258500E200D3D13F /* Products */ = {
			isa = PBXGroup;
			children = (
				AE7FC24A258500E200D3D13F /* DesafioInfoGlobo.app */,
				AE7FC260258500E300D3D13F /* DesafioInfoGloboTests.xctest */,
				AE7FC26B258500E300D3D13F /* DesafioInfoGloboUITests.xctest */,
			);
			name = Products;
			sourceTree = "<group>";
		};
		AE7FC24C258500E200D3D13F /* DesafioInfoGlobo */ = {
			isa = PBXGroup;
			children = (
				AE7FC24D258500E200D3D13F /* AppDelegate.swift */,
				AE7FC24F258500E200D3D13F /* SceneDelegate.swift */,
				AE7FC251258500E200D3D13F /* ViewController.swift */,
				AE7FC253258500E200D3D13F /* Main.storyboard */,
				AE7FC256258500E300D3D13F /* Assets.xcassets */,
				AE7FC258258500E300D3D13F /* LaunchScreen.storyboard */,
				AE7FC25B258500E300D3D13F /* Info.plist */,
			);
			path = DesafioInfoGlobo;
			sourceTree = "<group>";
		};
		AE7FC263258500E300D3D13F /* DesafioInfoGloboTests */ = {
			isa = PBXGroup;
			children = (
				AE7FC264258500E300D3D13F /* DesafioInfoGloboTests.swift */,
				AE7FC266258500E300D3D13F /* Info.plist */,
			);
			path = DesafioInfoGloboTests;
			sourceTree = "<group>";
		};
		AE7FC26E258500E300D3D13F /* DesafioInfoGloboUITests */ = {
			isa = PBXGroup;
			children = (
				AE7FC26F258500E300D3D13F /* DesafioInfoGloboUITests.swift */,
				AE7FC271258500E300D3D13F /* Info.plist */,
			);
			path = DesafioInfoGloboUITests;
			sourceTree = "<group>";
		};
/* End PBXGroup section */

/* Begin PBXNativeTarget section */
		AE7FC249258500E200D3D13F /* DesafioInfoGlobo */ = {
			isa = PBXNativeTarget;
			buildConfigurationList = AE7FC274258500E300D3D13F /* Build configuration list for PBXNativeTarget "DesafioInfoGlobo" */;
			buildPhases = (
				AE7FC246258500E200D3D13F /* Sources */,
				AE7FC247258500E200D3D13F /* Frameworks */,
				AE7FC248258500E200D3D13F /* Resources */,
			);
			buildRules = (
			);
			dependencies = (
			);
			name = DesafioInfoGlobo;
			productName = DesafioInfoGlobo;
			productReference = AE7FC24A258500E200D3D13F /* DesafioInfoGlobo.app */;
			productType = "com.apple.product-type.application";
		};
		AE7FC25F258500E300D3D13F /* DesafioInfoGloboTests */ = {
			isa = PBXNativeTarget;
			buildConfigurationList = AE7FC277258500E300D3D13F /* Build configuration list for PBXNativeTarget "DesafioInfoGloboTests" */;
			buildPhases = (
				AE7FC25C258500E300D3D13F /* Sources */,
				AE7FC25D258500E300D3D13F /* Frameworks */,
				AE7FC25E258500E300D3D13F /* Resources */,
			);
			buildRules = (
			);
			dependencies = (
				AE7FC262258500E300D3D13F /* PBXTargetDependency */,
			);
			name = DesafioInfoGloboTests;
			productName = DesafioInfoGloboTests;
			productReference = AE7FC260258500E300D3D13F /* DesafioInfoGloboTests.xctest */;
			productType = "com.apple.product-type.bundle.unit-test";
		};
		AE7FC26A258500E300D3D13F /* DesafioInfoGloboUITests */ = {
			isa = PBXNativeTarget;
			buildConfigurationList = AE7FC27A258500E300D3D13F /* Build configuration list for PBXNativeTarget "DesafioInfoGloboUITests" */;
			buildPhases = (
				AE7FC267258500E300D3D13F /* Sources */,
				AE7FC268258500E300D3D13F /* Frameworks */,
				AE7FC269258500E300D3D13F /* Resources */,
			);
			buildRules = (
			);
			dependencies = (
				AE7FC26D258500E300D3D13F /* PBXTargetDependency */,
			);
			name = DesafioInfoGloboUITests;
			productName = DesafioInfoGloboUITests;
			productReference = AE7FC26B258500E300D3D13F /* DesafioInfoGloboUITests.xctest */;
			productType = "com.apple.product-type.bundle.ui-testing";
		};
/* End PBXNativeTarget section */

/* Begin PBXProject section */
		AE7FC242258500E200D3D13F /* Project object */ = {
			isa = PBXProject;
			attributes = {
				LastSwiftUpdateCheck = 1220;
				LastUpgradeCheck = 1220;
				TargetAttributes = {
					AE7FC249258500E200D3D13F = {
						CreatedOnToolsVersion = 12.2;
					};
					AE7FC25F258500E300D3D13F = {
						CreatedOnToolsVersion = 12.2;
						TestTargetID = AE7FC249258500E200D3D13F;
					};
					AE7FC26A258500E300D3D13F = {
						CreatedOnToolsVersion = 12.2;
						TestTargetID = AE7FC249258500E200D3D13F;
					};
				};
			};
			buildConfigurationList = AE7FC245258500E200D3D13F /* Build configuration list for PBXProject "DesafioInfoGlobo" */;
			compatibilityVersion = "Xcode 9.3";
			developmentRegion = en;
			hasScannedForEncodings = 0;
			knownRegions = (
				en,
				Base,
			);
			mainGroup = AE7FC241258500E200D3D13F;
			productRefGroup = AE7FC24B258500E200D3D13F /* Products */;
			projectDirPath = "";
			projectRoot = "";
			targets = (
				AE7FC249258500E200D3D13F /* DesafioInfoGlobo */,
				AE7FC25F258500E300D3D13F /* DesafioInfoGloboTests */,
				AE7FC26A258500E300D3D13F /* DesafioInfoGloboUITests */,
			);
		};
/* End PBXProject section */

/* Begin PBXResourcesBuildPhase section */
		AE7FC248258500E200D3D13F /* Resources */ = {
			isa = PBXResourcesBuildPhase;
			buildActionMask = 2147483647;
			files = (
				AE7FC25A258500E300D3D13F /* LaunchScreen.storyboard in Resources */,
				AE7FC257258500E300D3D13F /* Assets.xcassets in Resources */,
				AE7FC255258500E200D3D13F /* Main.storyboard in Resources */,
			);
			runOnlyForDeploymentPostprocessing = 0;
		};
		AE7FC25E258500E300D3D13F /* Resources */ = {
			isa = PBXResourcesBuildPhase;
			buildActionMask = 2147483647;
			files = (
			);
			runOnlyForDeploymentPostprocessing = 0;
		};
		AE7FC269258500E300D3D13F /* Resources */ = {
			isa = PBXResourcesBuildPhase;
			buildActionMask = 2147483647;
			files = (
			);
			runOnlyForDeploymentPostprocessing = 0;
		};
/* End PBXResourcesBuildPhase section */

/* Begin PBXSourcesBuildPhase section */
		AE7FC246258500E200D3D13F /* Sources */ = {
			isa = PBXSourcesBuildPhase;
			buildActionMask = 2147483647;
			files = (
				AE7FC252258500E200D3D13F /* ViewController.swift in Sources */,
				AE7FC24E258500E200D3D13F /* AppDelegate.swift in Sources */,
				AE7FC250258500E200D3D13F /* SceneDelegate.swift in Sources */,
			);
			runOnlyForDeploymentPostprocessing = 0;
		};
		AE7FC25C258500E300D3D13F /* Sources */ = {
			isa = PBXSourcesBuildPhase;
			buildActionMask = 2147483647;
			files = (
				AE7FC265258500E300D3D13F /* DesafioInfoGloboTests.swift in Sources */,
			);
			runOnlyForDeploymentPostprocessing = 0;
		};
		AE7FC267258500E300D3D13F /* Sources */ = {
			isa = PBXSourcesBuildPhase;
			buildActionMask = 2147483647;
			files = (
				AE7FC270258500E300D3D13F /* DesafioInfoGloboUITests.swift in Sources */,
			);
			runOnlyForDeploymentPostprocessing = 0;
		};
/* End PBXSourcesBuildPhase section */

/* Begin PBXTargetDependency section */
		AE7FC262258500E300D3D13F /* PBXTargetDependency */ = {
			isa = PBXTargetDependency;
			target = AE7FC249258500E200D3D13F /* DesafioInfoGlobo */;
			targetProxy = AE7FC261258500E300D3D13F /* PBXContainerItemProxy */;
		};
		AE7FC26D258500E300D3D13F /* PBXTargetDependency */ = {
			isa = PBXTargetDependency;
			target = AE7FC249258500E200D3D13F /* DesafioInfoGlobo */;
			targetProxy = AE7FC26C258500E300D3D13F /* PBXContainerItemProxy */;
		};
/* End PBXTargetDependency section */

/* Begin PBXVariantGroup section */
		AE7FC253258500E200D3D13F /* Main.storyboard */ = {
			isa = PBXVariantGroup;
			children = (
				AE7FC254258500E200D3D13F /* Base */,
			);
			name = Main.storyboard;
			sourceTree = "<group>";
		};
		AE7FC258258500E300D3D13F /* LaunchScreen.storyboard */ = {
			isa = PBXVariantGroup;
			children = (
				AE7FC259258500E300D3D13F /* Base */,
			);
			name = LaunchScreen.storyboard;
			sourceTree = "<group>";
		};
/* End PBXVariantGroup section */

/* Begin XCBuildConfiguration section */
		AE7FC272258500E300D3D13F /* Debug */ = {
			isa = XCBuildConfiguration;
			buildSettings = {
				ALWAYS_SEARCH_USER_PATHS = NO;
				CLANG_ANALYZER_NONNULL = YES;
				CLANG_ANALYZER_NUMBER_OBJECT_CONVERSION = YES_AGGRESSIVE;
				CLANG_CXX_LANGUAGE_STANDARD = "gnu++14";
				CLANG_CXX_LIBRARY = "libc++";
				CLANG_ENABLE_MODULES = YES;
				CLANG_ENABLE_OBJC_ARC = YES;
				CLANG_ENABLE_OBJC_WEAK = YES;
				CLANG_WARN_BLOCK_CAPTURE_AUTORELEASING = YES;
				CLANG_WARN_BOOL_CONVERSION = YES;
				CLANG_WARN_COMMA = YES;
				CLANG_WARN_CONSTANT_CONVERSION = YES;
				CLANG_WARN_DEPRECATED_OBJC_IMPLEMENTATIONS = YES;
				CLANG_WARN_DIRECT_OBJC_ISA_USAGE = YES_ERROR;
				CLANG_WARN_DOCUMENTATION_COMMENTS = YES;
				CLANG_WARN_EMPTY_BODY = YES;
				CLANG_WARN_ENUM_CONVERSION = YES;
				CLANG_WARN_INFINITE_RECURSION = YES;
				CLANG_WARN_INT_CONVERSION = YES;
				CLANG_WARN_NON_LITERAL_NULL_CONVERSION = YES;
				CLANG_WARN_OBJC_IMPLICIT_RETAIN_SELF = YES;
				CLANG_WARN_OBJC_LITERAL_CONVERSION = YES;
				CLANG_WARN_OBJC_ROOT_CLASS = YES_ERROR;
				CLANG_WARN_QUOTED_INCLUDE_IN_FRAMEWORK_HEADER = YES;
				CLANG_WARN_RANGE_LOOP_ANALYSIS = YES;
				CLANG_WARN_STRICT_PROTOTYPES = YES;
				CLANG_WARN_SUSPICIOUS_MOVE = YES;
				CLANG_WARN_UNGUARDED_AVAILABILITY = YES_AGGRESSIVE;
				CLANG_WARN_UNREACHABLE_CODE = YES;
				CLANG_WARN__DUPLICATE_METHOD_MATCH = YES;
				COPY_PHASE_STRIP = NO;
				DEBUG_INFORMATION_FORMAT = dwarf;
				ENABLE_STRICT_OBJC_MSGSEND = YES;
				ENABLE_TESTABILITY = YES;
				GCC_C_LANGUAGE_STANDARD = gnu11;
				GCC_DYNAMIC_NO_PIC = NO;
				GCC_NO_COMMON_BLOCKS = YES;
				GCC_OPTIMIZATION_LEVEL = 0;
				GCC_PREPROCESSOR_DEFINITIONS = (
					"DEBUG=1",
					"$(inherited)",
				);
				GCC_WARN_64_TO_32_BIT_CONVERSION = YES;
				GCC_WARN_ABOUT_RETURN_TYPE = YES_ERROR;
				GCC_WARN_UNDECLARED_SELECTOR = YES;
				GCC_WARN_UNINITIALIZED_AUTOS = YES_AGGRESSIVE;
				GCC_WARN_UNUSED_FUNCTION = YES;
				GCC_WARN_UNUSED_VARIABLE = YES;
				IPHONEOS_DEPLOYMENT_TARGET = 14.2;
				MTL_ENABLE_DEBUG_INFO = INCLUDE_SOURCE;
				MTL_FAST_MATH = YES;
				ONLY_ACTIVE_ARCH = YES;
				SDKROOT = iphoneos;
				SWIFT_ACTIVE_COMPILATION_CONDITIONS = DEBUG;
				SWIFT_OPTIMIZATION_LEVEL = "-Onone";
			};
			name = Debug;
		};
		AE7FC273258500E300D3D13F /* Release */ = {
			isa = XCBuildConfiguration;
			buildSettings = {
				ALWAYS_SEARCH_USER_PATHS = NO;
				CLANG_ANALYZER_NONNULL = YES;
				CLANG_ANALYZER_NUMBER_OBJECT_CONVERSION = YES_AGGRESSIVE;
				CLANG_CXX_LANGUAGE_STANDARD = "gnu++14";
				CLANG_CXX_LIBRARY = "libc++";
				CLANG_ENABLE_MODULES = YES;
				CLANG_ENABLE_OBJC_ARC = YES;
				CLANG_ENABLE_OBJC_WEAK = YES;
				CLANG_WARN_BLOCK_CAPTURE_AUTORELEASING = YES;
				CLANG_WARN_BOOL_CONVERSION = YES;
				CLANG_WARN_COMMA = YES;
				CLANG_WARN_CONSTANT_CONVERSION = YES;
				CLANG_WARN_DEPRECATED_OBJC_IMPLEMENTATIONS = YES;
				CLANG_WARN_DIRECT_OBJC_ISA_USAGE = YES_ERROR;
				CLANG_WARN_DOCUMENTATION_COMMENTS = YES;
				CLANG_WARN_EMPTY_BODY = YES;
				CLANG_WARN_ENUM_CONVERSION = YES;
				CLANG_WARN_INFINITE_RECURSION = YES;
				CLANG_WARN_INT_CONVERSION = YES;
				CLANG_WARN_NON_LITERAL_NULL_CONVERSION = YES;
				CLANG_WARN_OBJC_IMPLICIT_RETAIN_SELF = YES;
				CLANG_WARN_OBJC_LITERAL_CONVERSION = YES;
				CLANG_WARN_OBJC_ROOT_CLASS = YES_ERROR;
				CLANG_WARN_QUOTED_INCLUDE_IN_FRAMEWORK_HEADER = YES;
				CLANG_WARN_RANGE_LOOP_ANALYSIS = YES;
				CLANG_WARN_STRICT_PROTOTYPES = YES;
				CLANG_WARN_SUSPICIOUS_MOVE = YES;
				CLANG_WARN_UNGUARDED_AVAILABILITY = YES_AGGRESSIVE;
				CLANG_WARN_UNREACHABLE_CODE = YES;
				CLANG_WARN__DUPLICATE_METHOD_MATCH = YES;
				COPY_PHASE_STRIP = NO;
				DEBUG_INFORMATION_FORMAT = "dwarf-with-dsym";
				ENABLE_NS_ASSERTIONS = NO;
				ENABLE_STRICT_OBJC_MSGSEND = YES;
				GCC_C_LANGUAGE_STANDARD = gnu11;
				GCC_NO_COMMON_BLOCKS = YES;
				GCC_WARN_64_TO_32_BIT_CONVERSION = YES;
				GCC_WARN_ABOUT_RETURN_TYPE = YES_ERROR;
				GCC_WARN_UNDECLARED_SELECTOR = YES;
				GCC_WARN_UNINITIALIZED_AUTOS = YES_AGGRESSIVE;
				GCC_WARN_UNUSED_FUNCTION = YES;
				GCC_WARN_UNUSED_VARIABLE = YES;
				IPHONEOS_DEPLOYMENT_TARGET = 14.2;
				MTL_ENABLE_DEBUG_INFO = NO;
				MTL_FAST_MATH = YES;
				SDKROOT = iphoneos;
				SWIFT_COMPILATION_MODE = wholemodule;
				SWIFT_OPTIMIZATION_LEVEL = "-O";
				VALIDATE_PRODUCT = YES;
			};
			name = Release;
		};
		AE7FC275258500E300D3D13F /* Debug */ = {
			isa = XCBuildConfiguration;
			buildSettings = {
				ASSETCATALOG_COMPILER_APPICON_NAME = AppIcon;
				ASSETCATALOG_COMPILER_GLOBAL_ACCENT_COLOR_NAME = AccentColor;
				CODE_SIGN_STYLE = Automatic;
				DEVELOPMENT_TEAM = KNQUVW98YZ;
				INFOPLIST_FILE = DesafioInfoGlobo/Info.plist;
				LD_RUNPATH_SEARCH_PATHS = (
					"$(inherited)",
					"@executable_path/Frameworks",
				);
				PRODUCT_BUNDLE_IDENTIFIER = com.br.DesafioInfoGlobo;
				PRODUCT_NAME = "$(TARGET_NAME)";
				SWIFT_VERSION = 5.0;
				TARGETED_DEVICE_FAMILY = "1,2";
			};
			name = Debug;
		};
		AE7FC276258500E300D3D13F /* Release */ = {
			isa = XCBuildConfiguration;
			buildSettings = {
				ASSETCATALOG_COMPILER_APPICON_NAME = AppIcon;
				ASSETCATALOG_COMPILER_GLOBAL_ACCENT_COLOR_NAME = AccentColor;
				CODE_SIGN_STYLE = Automatic;
				DEVELOPMENT_TEAM = KNQUVW98YZ;
				INFOPLIST_FILE = DesafioInfoGlobo/Info.plist;
				LD_RUNPATH_SEARCH_PATHS = (
					"$(inherited)",
					"@executable_path/Frameworks",
				);
				PRODUCT_BUNDLE_IDENTIFIER = com.br.DesafioInfoGlobo;
				PRODUCT_NAME = "$(TARGET_NAME)";
				SWIFT_VERSION = 5.0;
				TARGETED_DEVICE_FAMILY = "1,2";
			};
			name = Release;
		};
		AE7FC278258500E300D3D13F /* Debug */ = {
			isa = XCBuildConfiguration;
			buildSettings = {
				ALWAYS_EMBED_SWIFT_STANDARD_LIBRARIES = YES;
				BUNDLE_LOADER = "$(TEST_HOST)";
				CODE_SIGN_STYLE = Automatic;
				DEVELOPMENT_TEAM = KNQUVW98YZ;
				INFOPLIST_FILE = DesafioInfoGloboTests/Info.plist;
				IPHONEOS_DEPLOYMENT_TARGET = 14.2;
				LD_RUNPATH_SEARCH_PATHS = (
					"$(inherited)",
					"@executable_path/Frameworks",
					"@loader_path/Frameworks",
				);
				PRODUCT_BUNDLE_IDENTIFIER = com.br.DesafioInfoGloboTests;
				PRODUCT_NAME = "$(TARGET_NAME)";
				SWIFT_VERSION = 5.0;
				TARGETED_DEVICE_FAMILY = "1,2";
				TEST_HOST = "$(BUILT_PRODUCTS_DIR)/DesafioInfoGlobo.app/DesafioInfoGlobo";
			};
			name = Debug;
		};
		AE7FC279258500E300D3D13F /* Release */ = {
			isa = XCBuildConfiguration;
			buildSettings = {
				ALWAYS_EMBED_SWIFT_STANDARD_LIBRARIES = YES;
				BUNDLE_LOADER = "$(TEST_HOST)";
				CODE_SIGN_STYLE = Automatic;
				DEVELOPMENT_TEAM = KNQUVW98YZ;
				INFOPLIST_FILE = DesafioInfoGloboTests/Info.plist;
				IPHONEOS_DEPLOYMENT_TARGET = 14.2;
				LD_RUNPATH_SEARCH_PATHS = (
					"$(inherited)",
					"@executable_path/Frameworks",
					"@loader_path/Frameworks",
				);
				PRODUCT_BUNDLE_IDENTIFIER = com.br.DesafioInfoGloboTests;
				PRODUCT_NAME = "$(TARGET_NAME)";
				SWIFT_VERSION = 5.0;
				TARGETED_DEVICE_FAMILY = "1,2";
				TEST_HOST = "$(BUILT_PRODUCTS_DIR)/DesafioInfoGlobo.app/DesafioInfoGlobo";
			};
			name = Release;
		};
		AE7FC27B258500E300D3D13F /* Debug */ = {
			isa = XCBuildConfiguration;
			buildSettings = {
				ALWAYS_EMBED_SWIFT_STANDARD_LIBRARIES = YES;
				CODE_SIGN_STYLE = Automatic;
				DEVELOPMENT_TEAM = KNQUVW98YZ;
				INFOPLIST_FILE = DesafioInfoGloboUITests/Info.plist;
				LD_RUNPATH_SEARCH_PATHS = (
					"$(inherited)",
					"@executable_path/Frameworks",
					"@loader_path/Frameworks",
				);
				PRODUCT_BUNDLE_IDENTIFIER = com.br.DesafioInfoGloboUITests;
				PRODUCT_NAME = "$(TARGET_NAME)";
				SWIFT_VERSION = 5.0;
				TARGETED_DEVICE_FAMILY = "1,2";
				TEST_TARGET_NAME = DesafioInfoGlobo;
			};
			name = Debug;
		};
		AE7FC27C258500E300D3D13F /* Release */ = {
			isa = XCBuildConfiguration;
			buildSettings = {
				ALWAYS_EMBED_SWIFT_STANDARD_LIBRARIES = YES;
				CODE_SIGN_STYLE = Automatic;
				DEVELOPMENT_TEAM = KNQUVW98YZ;
				INFOPLIST_FILE = DesafioInfoGloboUITests/Info.plist;
				LD_RUNPATH_SEARCH_PATHS = (
					"$(inherited)",
					"@executable_path/Frameworks",
					"@loader_path/Frameworks",
				);
				PRODUCT_BUNDLE_IDENTIFIER = com.br.DesafioInfoGloboUITests;
				PRODUCT_NAME = "$(TARGET_NAME)";
				SWIFT_VERSION = 5.0;
				TARGETED_DEVICE_FAMILY = "1,2";
				TEST_TARGET_NAME = DesafioInfoGlobo;
			};
			name = Release;
		};
/* End XCBuildConfiguration section */

/* Begin XCConfigurationList section */
		AE7FC245258500E200D3D13F /* Build configuration list for PBXProject "DesafioInfoGlobo" */ = {
			isa = XCConfigurationList;
			buildConfigurations = (
				AE7FC272258500E300D3D13F /* Debug */,
				AE7FC273258500E300D3D13F /* Release */,
			);
			defaultConfigurationIsVisible = 0;
			defaultConfigurationName = Release;
		};
		AE7FC274258500E300D3D13F /* Build configuration list for PBXNativeTarget "DesafioInfoGlobo" */ = {
			isa = XCConfigurationList;
			buildConfigurations = (
				AE7FC275258500E300D3D13F /* Debug */,
				AE7FC276258500E300D3D13F /* Release */,
			);
			defaultConfigurationIsVisible = 0;
			defaultConfigurationName = Release;
		};
		AE7FC277258500E300D3D13F /* Build configuration list for PBXNativeTarget "DesafioInfoGloboTests" */ = {
			isa = XCConfigurationList;
			buildConfigurations = (
				AE7FC278258500E300D3D13F /* Debug */,
				AE7FC279258500E300D3D13F /* Release */,
			);
			defaultConfigurationIsVisible = 0;
			defaultConfigurationName = Release;
		};
		AE7FC27A258500E300D3D13F /* Build configuration list for PBXNativeTarget "DesafioInfoGloboUITests" */ = {
			isa = XCConfigurationList;
			buildConfigurations = (
				AE7FC27B258500E300D3D13F /* Debug */,
				AE7FC27C258500E300D3D13F /* Release */,
			);
			defaultConfigurationIsVisible = 0;
			defaultConfigurationName = Release;
		};
/* End XCConfigurationList section */
	};
	rootObject = AE7FC242258500E200D3D13F /* Project object */;
}
